
Microsoft Visual Studio Solution File, Format Version 12.00
# Visual Studio Version 17
VisualStudioVersion = 17.4.33213.308
MinimumVisualStudioVersion = 10.0.40219.1
Project("{888888A0-9F3D-457C-B088-3A5042F75D52}") = "Battleship", "Battleship\Battleship.pyproj", "{4A93B556-380E-4D26-9826-5E4691994905}"
EndProject
Global
	GlobalSection(SolutionConfigurationPlatforms) = preSolution
		Debug|Any CPU = Debug|Any CPU
		Release|Any CPU = Release|Any CPU
	EndGlobalSection
	GlobalSection(ProjectConfigurationPlatforms) = postSolution
		{4A93B556-380E-4D26-9826-5E4691994905}.Debug|Any CPU.ActiveCfg = Debug|Any CPU
		{4A93B556-380E-4D26-9826-5E4691994905}.Release|Any CPU.ActiveCfg = Release|Any CPU
	EndGlobalSection
	GlobalSection(SolutionProperties) = preSolution
		HideSolutionNode = FALSE
	EndGlobalSection
	GlobalSection(ExtensibilityGlobals) = postSolution
		SolutionGuid = {CE49136C-459A-447A-887D-23CC1A60D6C3}
	EndGlobalSection
EndGlobal
